{
    "hash": "e172fffedae283c8cbc129bd9415f666",
    "packages": [
        {
            "name": "doctrine/common",
            "version": "2.3.x-dev",
            "source": {
                "type": "git",
                "url": "https://github.com/doctrine/common",
                "reference": "bb0aebbf234db52df476a2b473d434745b34221c"
            },
            "dist": {
                "type": "zip",
                "url": "https://github.com/doctrine/common/archive/bb0aebbf234db52df476a2b473d434745b34221c.zip",
                "reference": "bb0aebbf234db52df476a2b473d434745b34221c",
                "shasum": ""
            },
            "require": {
                "php": ">=5.3.2"
            },
            "time": "1348120518",
            "type": "library",
            "extra": {
                "branch-alias": {
                    "dev-master": "2.3.x-dev"
                }
            },
            "installation-source": "source",
            "autoload": {
                "psr-0": {
                    "Doctrine\\Common": "lib/"
                }
            },
            "license": [
                "MIT"
            ],
            "authors": [
                {
                    "name": "Jonathan Wage",
                    "email": "jonwage@gmail.com",
                    "homepage": "http://www.jwage.com/"
                },
                {
                    "name": "Guilherme Blanco",
                    "email": "guilhermeblanco@gmail.com",
                    "homepage": "http://www.instaclick.com"
                },
                {
                    "name": "Roman Borschel",
                    "email": "roman@code-factory.org"
                },
                {
                    "name": "Benjamin Eberlei",
                    "email": "kontakt@beberlei.de"
                },
                {
                    "name": "Johannes Schmitt",
                    "email": "schmittjoh@gmail.com",
                    "homepage": "http://jmsyst.com",
                    "role": "Developer of wrapped JMSSerializerBundle"
                }
            ],
            "description": "Common Library for Doctrine projects",
            "homepage": "http://www.doctrine-project.org",
            "keywords": [
                "collections",
                "spl",
                "eventmanager",
                "annotations",
                "persistence"
            ]
        },
        {
            "name": "jms/metadata",
            "version": "dev-master",
            "source": {
                "type": "git",
                "url": "https://github.com/schmittjoh/metadata",
                "reference": "a965c62e73891ec324d9e1fc8b0389dd42ade09d"
            },
            "dist": {
                "type": "zip",
                "url": "https://github.com/schmittjoh/metadata/zipball/a965c62e73891ec324d9e1fc8b0389dd42ade09d",
                "reference": "a965c62e73891ec324d9e1fc8b0389dd42ade09d",
                "shasum": ""
            },
            "require": {
                "php": ">=5.3.0"
            },
            "require-dev": {
                "doctrine/common": ">=2.0,<2.4-dev"
            },
            "suggest": {
                "doctrine/common": ">=2.0"
            },
            "time": "1350036797",
            "type": "library",
            "extra": {
                "branch-alias": {
                    "dev-master": "1.2.x-dev"
                }
            },
            "installation-source": "source",
            "autoload": {
                "psr-0": {
                    "Metadata\\": "src/"
                }
            },
            "license": [
                "Apache"
            ],
            "authors": [
                {
                    "name": "Johannes M. Schmitt",
                    "email": "schmittjoh@gmail.com",
                    "homepage": "https://github.com/schmittjoh",
                    "role": "Developer of wrapped JMSSerializerBundle"
                }
            ],
            "description": "Class/method/property metadata management in PHP",
            "keywords": [
                "annotations",
                "yaml",
                "xml",
                "metadata"
            ]
        },
        {
            "name": "jms/serializer-bundle",
            "version": "dev-master",
            "target-dir": "JMS/SerializerBundle",
            "source": {
                "type": "git",
                "url": "https://github.com/schmittjoh/JMSSerializerBundle.git",
                "reference": "991e3ffb53255ebae20f1f6d3fb70b3830eafb0a"
            },
            "dist": {
                "type": "zip",
                "url": "https://github.com/schmittjoh/JMSSerializerBundle/archive/991e3ffb53255ebae20f1f6d3fb70b3830eafb0a.zip",
                "reference": "991e3ffb53255ebae20f1f6d3fb70b3830eafb0a",
                "shasum": ""
            },
            "require": {
                "php": ">=5.3.2",
                "jms/metadata": ">=1.1.0,<1.3-dev"
            },
            "conflict": {
                "symfony/framework-bundle": "<2.1-dev"
            },
            "require-dev": {
                "twig/twig": ">=1.8,<2.0-dev",
                "doctrine/orm": ">=2.1,<2.4-dev",
                "symfony/framework-bundle": ">=2.1,<2.2-dev",
                "symfony/yaml": ">=2.1,<2.3-dev",
                "symfony/form": ">=2.1,<2.3-dev",
                "symfony/validator": ">=2.1,<2.3-dev",
                "symfony/doctrine-bridge": ">=2.1,<2.2-dev",
                "symfony/translation": ">=2.1,<2.3-dev"
            },
            "suggest": {
                "symfony/framework-bundle": "2.*"
            },
            "time": "1352370215",
            "type": "symfony-bundle",
            "extra": {
                "branch-alias": {
                    "dev-master": "1.0-dev"
                }
            },
            "installation-source": "source",
            "autoload": {
                "psr-0": {
                    "JMS\\SerializerBundle": ""
                }
            },
            "license": [
                "Apache2"
            ],
            "authors": [
                {
                    "name": "Johannes M. Schmitt",
                    "email": "schmittjoh@gmail.com",
                    "homepage": "http://jmsyst.com",
                    "role": "Developer of wrapped JMSSerializerBundle"
                }
            ],
            "description": "Allows you to easily serialize, and deserialize object graphs of any complexity",
            "homepage": "http://jmsyst.com/bundles/JMSSerializerBundle",
            "keywords": [
                "json",
                "xml",
                "serialization",
                "deserialization",
                "jaxb"
            ]
        },
        {
            "name": "kriswallsmith/buzz",
            "version": "dev-master",
            "source": {
                "type": "git",
                "url": "http://github.com/kriswallsmith/Buzz.git",
                "reference": "988bf14201ffbed940f23b42f87302e6adec4c21"
            },
            "dist": {
                "type": "zip",
                "url": "https://github.com/kriswallsmith/Buzz/zipball/988bf14201ffbed940f23b42f87302e6adec4c21",
                "reference": "988bf14201ffbed940f23b42f87302e6adec4c21",
                "shasum": ""
            },
            "require": {
                "php": ">=5.3.0"
            },
            "suggest": {
                "ext-curl": "*"
            },
            "time": "1345206213",
            "type": "library",
            "installation-source": "source",
            "autoload": {
                "psr-0": {
                    "Buzz": "lib/"
                }
            },
            "license": [
                "MIT"
            ],
            "authors": [
                {
                    "name": "Kris Wallsmith",
                    "email": "kris.wallsmith@gmail.com",
                    "homepage": "http://kriswallsmith.net/"
                }
            ],
            "description": "Lightweight HTTP client",
            "homepage": "https://github.com/kriswallsmith/Buzz",
            "keywords": [
                "curl",
                "http client"
            ]
        },
        {
            "name": "sensio/buzz-bundle",
            "version": "dev-master",
            "target-dir": "Sensio/Bundle/BuzzBundle",
            "source": {
                "type": "git",
                "url": "git://github.com/sensio/SensioBuzzBundle",
                "reference": "0754d7dd155efc4f85de60993571b0b6a5aaccb9"
            },
            "dist": {
                "type": "zip",
                "url": "https://github.com/sensio/SensioBuzzBundle/archive/0754d7dd155efc4f85de60993571b0b6a5aaccb9.zip",
                "reference": "0754d7dd155efc4f85de60993571b0b6a5aaccb9",
                "shasum": ""
            },
            "require": {
                "php": ">=5.3.2",
                "kriswallsmith/buzz": ">= 0.6"
            },
            "time": "1338188924",
            "type": "symfony-bundle",
            "installation-source": "source",
            "autoload": {
                "psr-0": {
                    "Sensio\\Bundle\\BuzzBundle": ""
                }
            },
            "license": [
                "MIT"
            ],
            "authors": [
                {
                    "name": "Marc Weistroff",
                    "email": "marc.weistroff@sensio.com"
                }
            ],
            "description": "Bundle around the Buzz HTTP client",
            "homepage": "https://github.com/sensio/SensioBuzzBundle",
            "keywords": [
                "http client",
                "buzz"
            ]
        },
        {
            "name": "simpleit/app-bundle",
            "version": "dev-master",
            "source": {
                "type": "git",
                "url": "git@github.com:simpleit/AppBundle.git",
                "reference": "62e3319f438d42d2ad6baec866eeea93d9253a19"
            },
            "require": {
                "php": ">=5.3.0",
                "symfony/symfony": "2.1.*",
                "jms/serializer-bundle": "1.0.x-dev",
                "sensio/buzz-bundle": "dev-master"
            },
            "time": "1352968898",
            "type": "symfony-bundle",
            "installation-source": "source",
            "autoload": {
                "psr-0": {
                    "SimpleIT": "src/"
                }
            },
            "authors": [
                {
                    "name": "Simple IT",
                    "email": "technique@simple-it.fr"
                }
            ],
            "description": "Simple IT AppBundle",
            "homepage": "https://github.com/simpleit/AppBundle",
            "keywords": [
                "api"
            ]
        },
        {
            "name": "symfony/symfony",
            "version": "2.1.x-dev",
            "source": {
                "type": "git",
                "url": "git://github.com/symfony/symfony.git",
                "reference": "03f1ccc956324215572b9f95744c587861701b09"
            },
            "dist": {
                "type": "zip",
                "url": "https://github.com/symfony/symfony/archive/03f1ccc956324215572b9f95744c587861701b09.zip",
                "reference": "03f1ccc956324215572b9f95744c587861701b09",
                "shasum": ""
            },
            "require": {
                "php": ">=5.3.3",
                "doctrine/common": ">2.2,<2.4-dev",
                "twig/twig": ">=1.9.1,<2.0-dev"
            },
            "replace": {
                "symfony/doctrine-bridge": "self.version",
                "symfony/monolog-bridge": "self.version",
                "symfony/propel1-bridge": "self.version",
                "symfony/swiftmailer-bridge": "self.version",
                "symfony/twig-bridge": "self.version",
                "symfony/framework-bundle": "self.version",
                "symfony/security-bundle": "self.version",
                "symfony/twig-bundle": "self.version",
                "symfony/web-profiler-bundle": "self.version",
                "symfony/browser-kit": "self.version",
                "symfony/class-loader": "self.version",
                "symfony/config": "self.version",
                "symfony/console": "self.version",
                "symfony/css-selector": "self.version",
                "symfony/dependency-injection": "self.version",
                "symfony/dom-crawler": "self.version",
                "symfony/event-dispatcher": "self.version",
                "symfony/filesystem": "self.version",
                "symfony/finder": "self.version",
                "symfony/form": "self.version",
                "symfony/http-foundation": "self.version",
                "symfony/http-kernel": "self.version",
                "symfony/locale": "self.version",
                "symfony/options-resolver": "self.version",
                "symfony/process": "self.version",
                "symfony/routing": "self.version",
                "symfony/security": "self.version",
                "symfony/serializer": "self.version",
                "symfony/templating": "self.version",
                "symfony/translation": "self.version",
                "symfony/validator": "self.version",
                "symfony/yaml": "self.version"
            },
            "require-dev": {
                "doctrine/dbal": ">=2.2,<2.4-dev",
                "doctrine/orm": ">=2.2.3,<2.4-dev",
                "doctrine/data-fixtures": "1.0.*",
                "propel/propel1": "dev-master",
                "monolog/monolog": "1.*"
            },
            "time": "1352270845",
            "type": "library",
            "extra": {
                "branch-alias": {
                    "dev-master": "2.1-dev"
                }
            },
            "installation-source": "source",
            "autoload": {
                "psr-0": {
                    "Symfony": "src/",
                    "SessionHandlerInterface": "src/Symfony/Component/HttpFoundation/Resources/stubs"
                }
            },
            "license": [
                "MIT"
            ],
            "authors": [
                {
                    "name": "Fabien Potencier",
                    "email": "fabien@symfony.com"
                },
                {
                    "name": "Symfony Community",
                    "homepage": "http://symfony.com/contributors"
                }
            ],
            "description": "The Symfony PHP framework",
            "homepage": "http://symfony.com",
            "keywords": [
                "framework"
            ]
        },
        {
            "name": "twig/twig",
            "version": "dev-master",
            "source": {
                "type": "git",
                "url": "git://github.com/fabpot/Twig.git",
                "reference": "1a10ea2fbb2291142b4ee03665591c0762315204"
            },
            "dist": {
                "type": "zip",
                "url": "https://github.com/fabpot/Twig/archive/1a10ea2fbb2291142b4ee03665591c0762315204.zip",
                "reference": "1a10ea2fbb2291142b4ee03665591c0762315204",
                "shasum": ""
            },
            "require": {
                "php": ">=5.2.4"
            },
            "time": "1352366711",
            "type": "library",
            "extra": {
                "branch-alias": {
                    "dev-master": "1.11-dev"
                }
            },
            "installation-source": "source",
            "autoload": {
                "psr-0": {
                    "Twig_": "lib/"
                }
            },
            "license": [
                "BSD-3"
            ],
            "authors": [
                {
                    "name": "Fabien Potencier",
                    "email": "fabien@symfony.com"
                },
                {
                    "name": "Armin Ronacher",
                    "email": "armin.ronacher@active-4.com"
                }
            ],
            "description": "Twig, the flexible, fast, and secure template language for PHP",
            "homepage": "http://twig.sensiolabs.org",
            "keywords": [
                "templating"
            ]
        }
    ],
    "packages-dev": null,
    "aliases": [

    ],
    "minimum-stability": "stable",
    "stability-flags": {
        "simpleit/app-bundle": 20
    }
}
